
Microsoft Visual Studio Solution File, Format Version 12.00
# Visual Studio Version 17
VisualStudioVersion = 17.9.34902.65
MinimumVisualStudioVersion = 10.0.40219.1
Project("{9A19103F-16F7-4668-BE54-9A1E7A4F7556}") = "ChessLib", "ChessLib\ChessLib.csproj", "{FE188BF7-7334-43FB-B234-FADBDFF0C89C}"
EndProject
Project("{9A19103F-16F7-4668-BE54-9A1E7A4F7556}") = "ChessGame", "ChessGame\ChessGame.csproj", "{1EAFC2C9-1461-4ECC-8A7A-6E2D4CB036B9}"
EndProject
Project("{2150E333-8FDC-42A3-9474-1A3956D46DE8}") = "Solution Items", "Solution Items", "{236DF475-192E-427E-BEAB-1448491D5368}"
	ProjectSection(SolutionItems) = preProject
		.editorconfig = .editorconfig
	EndProjectSection
EndProject
Global
	GlobalSection(SolutionConfigurationPlatforms) = preSolution
		Debug|Any CPU = Debug|Any CPU
		Release|Any CPU = Release|Any CPU
	EndGlobalSection
	GlobalSection(ProjectConfigurationPlatforms) = postSolution
		{FE188BF7-7334-43FB-B234-FADBDFF0C89C}.Debug|Any CPU.ActiveCfg = Debug|Any CPU
		{FE188BF7-7334-43FB-B234-FADBDFF0C89C}.Debug|Any CPU.Build.0 = Debug|Any CPU
		{FE188BF7-7334-43FB-B234-FADBDFF0C89C}.Release|Any CPU.ActiveCfg = Release|Any CPU
		{FE188BF7-7334-43FB-B234-FADBDFF0C89C}.Release|Any CPU.Build.0 = Release|Any CPU
		{1EAFC2C9-1461-4ECC-8A7A-6E2D4CB036B9}.Debug|Any CPU.ActiveCfg = Debug|Any CPU
		{1EAFC2C9-1461-4ECC-8A7A-6E2D4CB036B9}.Debug|Any CPU.Build.0 = Debug|Any CPU
		{1EAFC2C9-1461-4ECC-8A7A-6E2D4CB036B9}.Release|Any CPU.ActiveCfg = Release|Any CPU
		{1EAFC2C9-1461-4ECC-8A7A-6E2D4CB036B9}.Release|Any CPU.Build.0 = Release|Any CPU
	EndGlobalSection
	GlobalSection(SolutionProperties) = preSolution
		HideSolutionNode = FALSE
	EndGlobalSection
	GlobalSection(ExtensibilityGlobals) = postSolution
		SolutionGuid = {794F1257-1F8A-4E0F-80BB-445D962F9605}
	EndGlobalSection
EndGlobal
